
Microsoft Visual Studio Solution File, Format Version 12.00
# Visual Studio Version 17
VisualStudioVersion = 17.11.35312.102
MinimumVisualStudioVersion = 10.0.40219.1
Project("{FAE04EC0-301F-11D3-BF4B-00C04F79EFBC}") = "01_MainSubjects", "01_MainSubjects\01_MainSubjects.csproj", "{7DB4DF08-412F-4A80-983E-7E03B8F8A152}"
EndProject
Project("{FAE04EC0-301F-11D3-BF4B-00C04F79EFBC}") = "02_Variables", "02_Variables\02_Variables.csproj", "{F298D7AA-B74C-47C5-899C-D22075B20977}"
EndProject
Project("{FAE04EC0-301F-11D3-BF4B-00C04F79EFBC}") = "03_MakingDecision", "03_MakingDecision\03_MakingDecision.csproj", "{3491D834-045B-43D0-A8B9-94BBDC75C5F5}"
EndProject
Project("{FAE04EC0-301F-11D3-BF4B-00C04F79EFBC}") = "04_Loops", "04_Loops\04_Loops.csproj", "{233F8738-B857-4E54-88D7-71C42C55C8BB}"
EndProject
Global
	GlobalSection(SolutionConfigurationPlatforms) = preSolution
		Debug|Any CPU = Debug|Any CPU
		Release|Any CPU = Release|Any CPU
	EndGlobalSection
	GlobalSection(ProjectConfigurationPlatforms) = postSolution
		{7DB4DF08-412F-4A80-983E-7E03B8F8A152}.Debug|Any CPU.ActiveCfg = Debug|Any CPU
		{7DB4DF08-412F-4A80-983E-7E03B8F8A152}.Debug|Any CPU.Build.0 = Debug|Any CPU
		{7DB4DF08-412F-4A80-983E-7E03B8F8A152}.Release|Any CPU.ActiveCfg = Release|Any CPU
		{7DB4DF08-412F-4A80-983E-7E03B8F8A152}.Release|Any CPU.Build.0 = Release|Any CPU
		{F298D7AA-B74C-47C5-899C-D22075B20977}.Debug|Any CPU.ActiveCfg = Debug|Any CPU
		{F298D7AA-B74C-47C5-899C-D22075B20977}.Debug|Any CPU.Build.0 = Debug|Any CPU
		{F298D7AA-B74C-47C5-899C-D22075B20977}.Release|Any CPU.ActiveCfg = Release|Any CPU
		{F298D7AA-B74C-47C5-899C-D22075B20977}.Release|Any CPU.Build.0 = Release|Any CPU
		{3491D834-045B-43D0-A8B9-94BBDC75C5F5}.Debug|Any CPU.ActiveCfg = Debug|Any CPU
		{3491D834-045B-43D0-A8B9-94BBDC75C5F5}.Debug|Any CPU.Build.0 = Debug|Any CPU
		{3491D834-045B-43D0-A8B9-94BBDC75C5F5}.Release|Any CPU.ActiveCfg = Release|Any CPU
		{3491D834-045B-43D0-A8B9-94BBDC75C5F5}.Release|Any CPU.Build.0 = Release|Any CPU
		{233F8738-B857-4E54-88D7-71C42C55C8BB}.Debug|Any CPU.ActiveCfg = Debug|Any CPU
		{233F8738-B857-4E54-88D7-71C42C55C8BB}.Debug|Any CPU.Build.0 = Debug|Any CPU
		{233F8738-B857-4E54-88D7-71C42C55C8BB}.Release|Any CPU.ActiveCfg = Release|Any CPU
		{233F8738-B857-4E54-88D7-71C42C55C8BB}.Release|Any CPU.Build.0 = Release|Any CPU
	EndGlobalSection
	GlobalSection(SolutionProperties) = preSolution
		HideSolutionNode = FALSE
	EndGlobalSection
	GlobalSection(ExtensibilityGlobals) = postSolution
		SolutionGuid = {D7EBD6B3-63A8-4733-A0DE-ADB40FF450FC}
	EndGlobalSection
EndGlobal
